// !$*UTF8*$!
{
	archiveVersion = 1;
	classes = {
	};
	objectVersion = 50;
	objects = {

/* Begin PBXBuildFile section */
		312A3D6E231BD9460071398A /* CloudContainer.swift in Sources */ = {isa = PBXBuildFile; fileRef = 312A3D6D231BD9460071398A /* CloudContainer.swift */; };
		317C6DC4231565CF006F10F0 /* AppDelegate.swift in Sources */ = {isa = PBXBuildFile; fileRef = 317C6DC3231565CF006F10F0 /* AppDelegate.swift */; };
		317C6DC6231565CF006F10F0 /* ViewController.swift in Sources */ = {isa = PBXBuildFile; fileRef = 317C6DC5231565CF006F10F0 /* ViewController.swift */; };
		317C6DC9231565CF006F10F0 /* Main.storyboard in Resources */ = {isa = PBXBuildFile; fileRef = 317C6DC7231565CF006F10F0 /* Main.storyboard */; };
		317C6DCB231565D1006F10F0 /* Assets.xcassets in Resources */ = {isa = PBXBuildFile; fileRef = 317C6DCA231565D1006F10F0 /* Assets.xcassets */; };
		317C6DCE231565D1006F10F0 /* LaunchScreen.storyboard in Resources */ = {isa = PBXBuildFile; fileRef = 317C6DCC231565D1006F10F0 /* LaunchScreen.storyboard */; };
		317C6DD6231571C8006F10F0 /* EventDetailCommunityController.swift in Sources */ = {isa = PBXBuildFile; fileRef = 317C6DD5231571C8006F10F0 /* EventDetailCommunityController.swift */; };
		317C6DD823157812006F10F0 /* volunteers.swift in Sources */ = {isa = PBXBuildFile; fileRef = 317C6DD723157812006F10F0 /* volunteers.swift */; };
		317C6DDC231579EB006F10F0 /* VolunteersCell.swift in Sources */ = {isa = PBXBuildFile; fileRef = 317C6DDB231579EB006F10F0 /* VolunteersCell.swift */; };
		317C6DDE23161706006F10F0 /* ScannerViewController.swift in Sources */ = {isa = PBXBuildFile; fileRef = 317C6DDD23161706006F10F0 /* ScannerViewController.swift */; };
		317C6DE023162A79006F10F0 /* NotifcationViewController.swift in Sources */ = {isa = PBXBuildFile; fileRef = 317C6DDF23162A79006F10F0 /* NotifcationViewController.swift */; };
		317C6DE223162AED006F10F0 /* NotifCell.swift in Sources */ = {isa = PBXBuildFile; fileRef = 317C6DE123162AED006F10F0 /* NotifCell.swift */; };
		317C6DE423162D8E006F10F0 /* notification.swift in Sources */ = {isa = PBXBuildFile; fileRef = 317C6DE323162D8E006F10F0 /* notification.swift */; };
		31D7ECF6231BB73E006641A0 /* CloudKit.framework in Frameworks */ = {isa = PBXBuildFile; fileRef = 31D7ECF5231BB73E006641A0 /* CloudKit.framework */; };
		31D7ECF8231BB9B6006641A0 /* EditSDViewController.swift in Sources */ = {isa = PBXBuildFile; fileRef = 31D7ECF7231BB9B6006641A0 /* EditSDViewController.swift */; };
		31D7ECFA231BBA41006641A0 /* ListKegiatanSDViewController.swift in Sources */ = {isa = PBXBuildFile; fileRef = 31D7ECF9231BBA41006641A0 /* ListKegiatanSDViewController.swift */; };
		31D7ECFC231BBB3B006641A0 /* roundShape.swift in Sources */ = {isa = PBXBuildFile; fileRef = 31D7ECFB231BBB3B006641A0 /* roundShape.swift */; };
		4A0D723A23168B880097C46D /* uploadCertifViewController.swift in Sources */ = {isa = PBXBuildFile; fileRef = 4A0D723923168B880097C46D /* uploadCertifViewController.swift */; };
		4A0D723C23169EDC0097C46D /* CustomTableViewCell.swift in Sources */ = {isa = PBXBuildFile; fileRef = 4A0D723B23169EDC0097C46D /* CustomTableViewCell.swift */; };
		4A0D723E2316AC960097C46D /* roundShapeCorner.swift in Sources */ = {isa = PBXBuildFile; fileRef = 4A0D723D2316AC960097C46D /* roundShapeCorner.swift */; };
		4A0D72402316B6380097C46D /* PopUpNotifViewController.swift in Sources */ = {isa = PBXBuildFile; fileRef = 4A0D723F2316B6380097C46D /* PopUpNotifViewController.swift */; };
/* End PBXBuildFile section */

/* Begin PBXFileReference section */
		312A3D6D231BD9460071398A /* CloudContainer.swift */ = {isa = PBXFileReference; lastKnownFileType = sourcecode.swift; path = CloudContainer.swift; sourceTree = "<group>"; };
		317C6DC0231565CF006F10F0 /* SocialDesigneePage.app */ = {isa = PBXFileReference; explicitFileType = wrapper.application; includeInIndex = 0; path = SocialDesigneePage.app; sourceTree = BUILT_PRODUCTS_DIR; };
		317C6DC3231565CF006F10F0 /* AppDelegate.swift */ = {isa = PBXFileReference; lastKnownFileType = sourcecode.swift; path = AppDelegate.swift; sourceTree = "<group>"; };
		317C6DC5231565CF006F10F0 /* ViewController.swift */ = {isa = PBXFileReference; lastKnownFileType = sourcecode.swift; path = ViewController.swift; sourceTree = "<group>"; };
		317C6DC8231565CF006F10F0 /* Base */ = {isa = PBXFileReference; lastKnownFileType = file.storyboard; name = Base; path = Base.lproj/Main.storyboard; sourceTree = "<group>"; };
		317C6DCA231565D1006F10F0 /* Assets.xcassets */ = {isa = PBXFileReference; lastKnownFileType = folder.assetcatalog; path = Assets.xcassets; sourceTree = "<group>"; };
		317C6DCD231565D1006F10F0 /* Base */ = {isa = PBXFileReference; lastKnownFileType = file.storyboard; name = Base; path = Base.lproj/LaunchScreen.storyboard; sourceTree = "<group>"; };
		317C6DCF231565D1006F10F0 /* Info.plist */ = {isa = PBXFileReference; lastKnownFileType = text.plist.xml; path = Info.plist; sourceTree = "<group>"; };
		317C6DD5231571C8006F10F0 /* EventDetailCommunityController.swift */ = {isa = PBXFileReference; lastKnownFileType = sourcecode.swift; path = EventDetailCommunityController.swift; sourceTree = "<group>"; };
		317C6DD723157812006F10F0 /* volunteers.swift */ = {isa = PBXFileReference; lastKnownFileType = sourcecode.swift; path = volunteers.swift; sourceTree = "<group>"; };
		317C6DDB231579EB006F10F0 /* VolunteersCell.swift */ = {isa = PBXFileReference; lastKnownFileType = sourcecode.swift; path = VolunteersCell.swift; sourceTree = "<group>"; };
		317C6DDD23161706006F10F0 /* ScannerViewController.swift */ = {isa = PBXFileReference; lastKnownFileType = sourcecode.swift; path = ScannerViewController.swift; sourceTree = "<group>"; };
		317C6DDF23162A79006F10F0 /* NotifcationViewController.swift */ = {isa = PBXFileReference; lastKnownFileType = sourcecode.swift; path = NotifcationViewController.swift; sourceTree = "<group>"; };
		317C6DE123162AED006F10F0 /* NotifCell.swift */ = {isa = PBXFileReference; lastKnownFileType = sourcecode.swift; path = NotifCell.swift; sourceTree = "<group>"; };
		317C6DE323162D8E006F10F0 /* notification.swift */ = {isa = PBXFileReference; lastKnownFileType = sourcecode.swift; path = notification.swift; sourceTree = "<group>"; };
		31D7ECF3231BB724006641A0 /* SocialDesigneePage.entitlements */ = {isa = PBXFileReference; lastKnownFileType = text.plist.entitlements; path = SocialDesigneePage.entitlements; sourceTree = "<group>"; };
		31D7ECF5231BB73E006641A0 /* CloudKit.framework */ = {isa = PBXFileReference; lastKnownFileType = wrapper.framework; name = CloudKit.framework; path = System/Library/Frameworks/CloudKit.framework; sourceTree = SDKROOT; };
		31D7ECF7231BB9B6006641A0 /* EditSDViewController.swift */ = {isa = PBXFileReference; lastKnownFileType = sourcecode.swift; path = EditSDViewController.swift; sourceTree = "<group>"; };
		31D7ECF9231BBA41006641A0 /* ListKegiatanSDViewController.swift */ = {isa = PBXFileReference; lastKnownFileType = sourcecode.swift; path = ListKegiatanSDViewController.swift; sourceTree = "<group>"; };
		31D7ECFB231BBB3B006641A0 /* roundShape.swift */ = {isa = PBXFileReference; lastKnownFileType = sourcecode.swift; path = roundShape.swift; sourceTree = "<group>"; };
		4A0D723923168B880097C46D /* uploadCertifViewController.swift */ = {isa = PBXFileReference; lastKnownFileType = sourcecode.swift; path = uploadCertifViewController.swift; sourceTree = "<group>"; };
		4A0D723B23169EDC0097C46D /* CustomTableViewCell.swift */ = {isa = PBXFileReference; lastKnownFileType = sourcecode.swift; path = CustomTableViewCell.swift; sourceTree = "<group>"; };
		4A0D723D2316AC960097C46D /* roundShapeCorner.swift */ = {isa = PBXFileReference; lastKnownFileType = sourcecode.swift; path = roundShapeCorner.swift; sourceTree = "<group>"; };
		4A0D723F2316B6380097C46D /* PopUpNotifViewController.swift */ = {isa = PBXFileReference; lastKnownFileType = sourcecode.swift; path = PopUpNotifViewController.swift; sourceTree = "<group>"; };
/* End PBXFileReference section */

/* Begin PBXFrameworksBuildPhase section */
		317C6DBD231565CF006F10F0 /* Frameworks */ = {
			isa = PBXFrameworksBuildPhase;
			buildActionMask = 2147483647;
			files = (
				31D7ECF6231BB73E006641A0 /* CloudKit.framework in Frameworks */,
			);
			runOnlyForDeploymentPostprocessing = 0;
		};
/* End PBXFrameworksBuildPhase section */

/* Begin PBXGroup section */
		317C6DB7231565CF006F10F0 = {
			isa = PBXGroup;
			children = (
				317C6DC2231565CF006F10F0 /* SocialDesigneePage */,
				317C6DC1231565CF006F10F0 /* Products */,
				31D7ECF4231BB73E006641A0 /* Frameworks */,
			);
			sourceTree = "<group>";
		};
		317C6DC1231565CF006F10F0 /* Products */ = {
			isa = PBXGroup;
			children = (
				317C6DC0231565CF006F10F0 /* SocialDesigneePage.app */,
			);
			name = Products;
			sourceTree = "<group>";
		};
		317C6DC2231565CF006F10F0 /* SocialDesigneePage */ = {
			isa = PBXGroup;
			children = (
				31D7ECF3231BB724006641A0 /* SocialDesigneePage.entitlements */,
				317C6DC3231565CF006F10F0 /* AppDelegate.swift */,
				317C6DD5231571C8006F10F0 /* EventDetailCommunityController.swift */,
				317C6DDB231579EB006F10F0 /* VolunteersCell.swift */,
				31D7ECF7231BB9B6006641A0 /* EditSDViewController.swift */,
				31D7ECFB231BBB3B006641A0 /* roundShape.swift */,
				317C6DD723157812006F10F0 /* volunteers.swift */,
				4A0D723F2316B6380097C46D /* PopUpNotifViewController.swift */,
				317C6DDD23161706006F10F0 /* ScannerViewController.swift */,
				317C6DC5231565CF006F10F0 /* ViewController.swift */,
				4A0D723D2316AC960097C46D /* roundShapeCorner.swift */,
				31D7ECF9231BBA41006641A0 /* ListKegiatanSDViewController.swift */,
				4A0D723B23169EDC0097C46D /* CustomTableViewCell.swift */,
				317C6DE123162AED006F10F0 /* NotifCell.swift */,
				312A3D6D231BD9460071398A /* CloudContainer.swift */,
				4A0D723923168B880097C46D /* uploadCertifViewController.swift */,
				317C6DDF23162A79006F10F0 /* NotifcationViewController.swift */,
				317C6DE323162D8E006F10F0 /* notification.swift */,
				317C6DCA231565D1006F10F0 /* Assets.xcassets */,
				317C6DCC231565D1006F10F0 /* LaunchScreen.storyboard */,
				317C6DCF231565D1006F10F0 /* Info.plist */,
				317C6DC7231565CF006F10F0 /* Main.storyboard */,
			);
			path = SocialDesigneePage;
			sourceTree = "<group>";
		};
		31D7ECF4231BB73E006641A0 /* Frameworks */ = {
			isa = PBXGroup;
			children = (
				31D7ECF5231BB73E006641A0 /* CloudKit.framework */,
			);
			name = Frameworks;
			sourceTree = "<group>";
		};
/* End PBXGroup section */

/* Begin PBXNativeTarget section */
		317C6DBF231565CF006F10F0 /* SocialDesigneePage */ = {
			isa = PBXNativeTarget;
			buildConfigurationList = 317C6DD2231565D1006F10F0 /* Build configuration list for PBXNativeTarget "SocialDesigneePage" */;
			buildPhases = (
				317C6DBC231565CF006F10F0 /* Sources */,
				317C6DBD231565CF006F10F0 /* Frameworks */,
				317C6DBE231565CF006F10F0 /* Resources */,
			);
			buildRules = (
			);
			dependencies = (
			);
			name = SocialDesigneePage;
			productName = SocialDesigneePage;
			productReference = 317C6DC0231565CF006F10F0 /* SocialDesigneePage.app */;
			productType = "com.apple.product-type.application";
		};
/* End PBXNativeTarget section */

/* Begin PBXProject section */
		317C6DB8231565CF006F10F0 /* Project object */ = {
			isa = PBXProject;
			attributes = {
				LastSwiftUpdateCheck = 1030;
				LastUpgradeCheck = 1030;
				ORGANIZATIONNAME = "Apple Academy";
				TargetAttributes = {
					317C6DBF231565CF006F10F0 = {
						CreatedOnToolsVersion = 10.3;
						SystemCapabilities = {
							com.apple.Push = {
								enabled = 1;
							};
							com.apple.iCloud = {
								enabled = 1;
							};
						};
					};
				};
			};
			buildConfigurationList = 317C6DBB231565CF006F10F0 /* Build configuration list for PBXProject "SocialDesigneePage" */;
			compatibilityVersion = "Xcode 9.3";
			developmentRegion = en;
			hasScannedForEncodings = 0;
			knownRegions = (
				en,
				Base,
			);
			mainGroup = 317C6DB7231565CF006F10F0;
			productRefGroup = 317C6DC1231565CF006F10F0 /* Products */;
			projectDirPath = "";
			projectRoot = "";
			targets = (
				317C6DBF231565CF006F10F0 /* SocialDesigneePage */,
			);
		};
/* End PBXProject section */

/* Begin PBXResourcesBuildPhase section */
		317C6DBE231565CF006F10F0 /* Resources */ = {
			isa = PBXResourcesBuildPhase;
			buildActionMask = 2147483647;
			files = (
				317C6DCE231565D1006F10F0 /* LaunchScreen.storyboard in Resources */,
				317C6DCB231565D1006F10F0 /* Assets.xcassets in Resources */,
				317C6DC9231565CF006F10F0 /* Main.storyboard in Resources */,
			);
			runOnlyForDeploymentPostprocessing = 0;
		};
/* End PBXResourcesBuildPhase section */

/* Begin PBXSourcesBuildPhase section */
		317C6DBC231565CF006F10F0 /* Sources */ = {
			isa = PBXSourcesBuildPhase;
			buildActionMask = 2147483647;
			files = (
				317C6DDC231579EB006F10F0 /* VolunteersCell.swift in Sources */,
				317C6DDE23161706006F10F0 /* ScannerViewController.swift in Sources */,
				4A0D723C23169EDC0097C46D /* CustomTableViewCell.swift in Sources */,
				31D7ECF8231BB9B6006641A0 /* EditSDViewController.swift in Sources */,
				31D7ECFC231BBB3B006641A0 /* roundShape.swift in Sources */,
				312A3D6E231BD9460071398A /* CloudContainer.swift in Sources */,
				4A0D723E2316AC960097C46D /* roundShapeCorner.swift in Sources */,
				4A0D723A23168B880097C46D /* uploadCertifViewController.swift in Sources */,
				317C6DE223162AED006F10F0 /* NotifCell.swift in Sources */,
				317C6DC6231565CF006F10F0 /* ViewController.swift in Sources */,
				317C6DD6231571C8006F10F0 /* EventDetailCommunityController.swift in Sources */,
				31D7ECFA231BBA41006641A0 /* ListKegiatanSDViewController.swift in Sources */,
				317C6DE023162A79006F10F0 /* NotifcationViewController.swift in Sources */,
				317C6DD823157812006F10F0 /* volunteers.swift in Sources */,
				317C6DC4231565CF006F10F0 /* AppDelegate.swift in Sources */,
				4A0D72402316B6380097C46D /* PopUpNotifViewController.swift in Sources */,
				317C6DE423162D8E006F10F0 /* notification.swift in Sources */,
			);
			runOnlyForDeploymentPostprocessing = 0;
		};
/* End PBXSourcesBuildPhase section */

/* Begin PBXVariantGroup section */
		317C6DC7231565CF006F10F0 /* Main.storyboard */ = {
			isa = PBXVariantGroup;
			children = (
				317C6DC8231565CF006F10F0 /* Base */,
			);
			name = Main.storyboard;
			sourceTree = "<group>";
		};
		317C6DCC231565D1006F10F0 /* LaunchScreen.storyboard */ = {
			isa = PBXVariantGroup;
			children = (
				317C6DCD231565D1006F10F0 /* Base */,
			);
			name = LaunchScreen.storyboard;
			sourceTree = "<group>";
		};
/* End PBXVariantGroup section */

/* Begin XCBuildConfiguration section */
		317C6DD0231565D1006F10F0 /* Debug */ = {
			isa = XCBuildConfiguration;
			buildSettings = {
				ALWAYS_SEARCH_USER_PATHS = NO;
				CLANG_ANALYZER_NONNULL = YES;
				CLANG_ANALYZER_NUMBER_OBJECT_CONVERSION = YES_AGGRESSIVE;
				CLANG_CXX_LANGUAGE_STANDARD = "gnu++14";
				CLANG_CXX_LIBRARY = "libc++";
				CLANG_ENABLE_MODULES = YES;
				CLANG_ENABLE_OBJC_ARC = YES;
				CLANG_ENABLE_OBJC_WEAK = YES;
				CLANG_WARN_BLOCK_CAPTURE_AUTORELEASING = YES;
				CLANG_WARN_BOOL_CONVERSION = YES;
				CLANG_WARN_COMMA = YES;
				CLANG_WARN_CONSTANT_CONVERSION = YES;
				CLANG_WARN_DEPRECATED_OBJC_IMPLEMENTATIONS = YES;
				CLANG_WARN_DIRECT_OBJC_ISA_USAGE = YES_ERROR;
				CLANG_WARN_DOCUMENTATION_COMMENTS = YES;
				CLANG_WARN_EMPTY_BODY = YES;
				CLANG_WARN_ENUM_CONVERSION = YES;
				CLANG_WARN_INFINITE_RECURSION = YES;
				CLANG_WARN_INT_CONVERSION = YES;
				CLANG_WARN_NON_LITERAL_NULL_CONVERSION = YES;
				CLANG_WARN_OBJC_IMPLICIT_RETAIN_SELF = YES;
				CLANG_WARN_OBJC_LITERAL_CONVERSION = YES;
				CLANG_WARN_OBJC_ROOT_CLASS = YES_ERROR;
				CLANG_WARN_RANGE_LOOP_ANALYSIS = YES;
				CLANG_WARN_STRICT_PROTOTYPES = YES;
				CLANG_WARN_SUSPICIOUS_MOVE = YES;
				CLANG_WARN_UNGUARDED_AVAILABILITY = YES_AGGRESSIVE;
				CLANG_WARN_UNREACHABLE_CODE = YES;
				CLANG_WARN__DUPLICATE_METHOD_MATCH = YES;
				CODE_SIGN_IDENTITY = "iPhone Developer";
				COPY_PHASE_STRIP = NO;
				DEBUG_INFORMATION_FORMAT = dwarf;
				ENABLE_STRICT_OBJC_MSGSEND = YES;
				ENABLE_TESTABILITY = YES;
				GCC_C_LANGUAGE_STANDARD = gnu11;
				GCC_DYNAMIC_NO_PIC = NO;
				GCC_NO_COMMON_BLOCKS = YES;
				GCC_OPTIMIZATION_LEVEL = 0;
				GCC_PREPROCESSOR_DEFINITIONS = (
					"DEBUG=1",
					"$(inherited)",
				);
				GCC_WARN_64_TO_32_BIT_CONVERSION = YES;
				GCC_WARN_ABOUT_RETURN_TYPE = YES_ERROR;
				GCC_WARN_UNDECLARED_SELECTOR = YES;
				GCC_WARN_UNINITIALIZED_AUTOS = YES_AGGRESSIVE;
				GCC_WARN_UNUSED_FUNCTION = YES;
				GCC_WARN_UNUSED_VARIABLE = YES;
				IPHONEOS_DEPLOYMENT_TARGET = 12.4;
				MTL_ENABLE_DEBUG_INFO = INCLUDE_SOURCE;
				MTL_FAST_MATH = YES;
				ONLY_ACTIVE_ARCH = YES;
				SDKROOT = iphoneos;
				SWIFT_ACTIVE_COMPILATION_CONDITIONS = DEBUG;
				SWIFT_OPTIMIZATION_LEVEL = "-Onone";
			};
			name = Debug;
		};
		317C6DD1231565D1006F10F0 /* Release */ = {
			isa = XCBuildConfiguration;
			buildSettings = {
				ALWAYS_SEARCH_USER_PATHS = NO;
				CLANG_ANALYZER_NONNULL = YES;
				CLANG_ANALYZER_NUMBER_OBJECT_CONVERSION = YES_AGGRESSIVE;
				CLANG_CXX_LANGUAGE_STANDARD = "gnu++14";
				CLANG_CXX_LIBRARY = "libc++";
				CLANG_ENABLE_MODULES = YES;
				CLANG_ENABLE_OBJC_ARC = YES;
				CLANG_ENABLE_OBJC_WEAK = YES;
				CLANG_WARN_BLOCK_CAPTURE_AUTORELEASING = YES;
				CLANG_WARN_BOOL_CONVERSION = YES;
				CLANG_WARN_COMMA = YES;
				CLANG_WARN_CONSTANT_CONVERSION = YES;
				CLANG_WARN_DEPRECATED_OBJC_IMPLEMENTATIONS = YES;
				CLANG_WARN_DIRECT_OBJC_ISA_USAGE = YES_ERROR;
				CLANG_WARN_DOCUMENTATION_COMMENTS = YES;
				CLANG_WARN_EMPTY_BODY = YES;
				CLANG_WARN_ENUM_CONVERSION = YES;
				CLANG_WARN_INFINITE_RECURSION = YES;
				CLANG_WARN_INT_CONVERSION = YES;
				CLANG_WARN_NON_LITERAL_NULL_CONVERSION = YES;
				CLANG_WARN_OBJC_IMPLICIT_RETAIN_SELF = YES;
				CLANG_WARN_OBJC_LITERAL_CONVERSION = YES;
				CLANG_WARN_OBJC_ROOT_CLASS = YES_ERROR;
				CLANG_WARN_RANGE_LOOP_ANALYSIS = YES;
				CLANG_WARN_STRICT_PROTOTYPES = YES;
				CLANG_WARN_SUSPICIOUS_MOVE = YES;
				CLANG_WARN_UNGUARDED_AVAILABILITY = YES_AGGRESSIVE;
				CLANG_WARN_UNREACHABLE_CODE = YES;
				CLANG_WARN__DUPLICATE_METHOD_MATCH = YES;
				CODE_SIGN_IDENTITY = "iPhone Developer";
				COPY_PHASE_STRIP = NO;
				DEBUG_INFORMATION_FORMAT = "dwarf-with-dsym";
				ENABLE_NS_ASSERTIONS = NO;
				ENABLE_STRICT_OBJC_MSGSEND = YES;
				GCC_C_LANGUAGE_STANDARD = gnu11;
				GCC_NO_COMMON_BLOCKS = YES;
				GCC_WARN_64_TO_32_BIT_CONVERSION = YES;
				GCC_WARN_ABOUT_RETURN_TYPE = YES_ERROR;
				GCC_WARN_UNDECLARED_SELECTOR = YES;
				GCC_WARN_UNINITIALIZED_AUTOS = YES_AGGRESSIVE;
				GCC_WARN_UNUSED_FUNCTION = YES;
				GCC_WARN_UNUSED_VARIABLE = YES;
				IPHONEOS_DEPLOYMENT_TARGET = 12.4;
				MTL_ENABLE_DEBUG_INFO = NO;
				MTL_FAST_MATH = YES;
				SDKROOT = iphoneos;
				SWIFT_COMPILATION_MODE = wholemodule;
				SWIFT_OPTIMIZATION_LEVEL = "-O";
				VALIDATE_PRODUCT = YES;
			};
			name = Release;
		};
		317C6DD3231565D1006F10F0 /* Debug */ = {
			isa = XCBuildConfiguration;
			buildSettings = {
				ASSETCATALOG_COMPILER_APPICON_NAME = AppIcon;
				CODE_SIGN_ENTITLEMENTS = SocialDesigneePage/SocialDesigneePage.entitlements;
				CODE_SIGN_STYLE = Automatic;
				DEVELOPMENT_TEAM = 4JFNH9SG77;
				INFOPLIST_FILE = SocialDesigneePage/Info.plist;
				LD_RUNPATH_SEARCH_PATHS = (
					"$(inherited)",
					"@executable_path/Frameworks",
				);
				PRODUCT_BUNDLE_IDENTIFIER = com.appleAcademy.SocialDesigneePage;
				PRODUCT_NAME = "$(TARGET_NAME)";
				SWIFT_VERSION = 5.0;
				TARGETED_DEVICE_FAMILY = "1,2";
			};
			name = Debug;
		};
		317C6DD4231565D1006F10F0 /* Release */ = {
			isa = XCBuildConfiguration;
			buildSettings = {
				ASSETCATALOG_COMPILER_APPICON_NAME = AppIcon;
				CODE_SIGN_ENTITLEMENTS = SocialDesigneePage/SocialDesigneePage.entitlements;
				CODE_SIGN_STYLE = Automatic;
				DEVELOPMENT_TEAM = 4JFNH9SG77;
				INFOPLIST_FILE = SocialDesigneePage/Info.plist;
				LD_RUNPATH_SEARCH_PATHS = (
					"$(inherited)",
					"@executable_path/Frameworks",
				);
				PRODUCT_BUNDLE_IDENTIFIER = com.appleAcademy.SocialDesigneePage;
				PRODUCT_NAME = "$(TARGET_NAME)";
				SWIFT_VERSION = 5.0;
				TARGETED_DEVICE_FAMILY = "1,2";
			};
			name = Release;
		};
/* End XCBuildConfiguration section */

/* Begin XCConfigurationList section */
		317C6DBB231565CF006F10F0 /* Build configuration list for PBXProject "SocialDesigneePage" */ = {
			isa = XCConfigurationList;
			buildConfigurations = (
				317C6DD0231565D1006F10F0 /* Debug */,
				317C6DD1231565D1006F10F0 /* Release */,
			);
			defaultConfigurationIsVisible = 0;
			defaultConfigurationName = Release;
		};
		317C6DD2231565D1006F10F0 /* Build configuration list for PBXNativeTarget "SocialDesigneePage" */ = {
			isa = XCConfigurationList;
			buildConfigurations = (
				317C6DD3231565D1006F10F0 /* Debug */,
				317C6DD4231565D1006F10F0 /* Release */,
			);
			defaultConfigurationIsVisible = 0;
			defaultConfigurationName = Release;
		};
/* End XCConfigurationList section */
	};
	rootObject = 317C6DB8231565CF006F10F0 /* Project object */;
}
